
Microsoft Visual Studio Solution File, Format Version 12.00
# Visual Studio Version 17
VisualStudioVersion = 17.10.35027.167
MinimumVisualStudioVersion = 10.0.40219.1
Project("{FAE04EC0-301F-11D3-BF4B-00C04F79EFBC}") = "Combo_BOXX", "Combo_BOXX\Combo_BOXX.csproj", "{BFFCB21F-E653-4AEE-B09C-BFAF9FAC395E}"
EndProject
Global
	GlobalSection(SolutionConfigurationPlatforms) = preSolution
		Debug|Any CPU = Debug|Any CPU
		Release|Any CPU = Release|Any CPU
	EndGlobalSection
	GlobalSection(ProjectConfigurationPlatforms) = postSolution
		{BFFCB21F-E653-4AEE-B09C-BFAF9FAC395E}.Debug|Any CPU.ActiveCfg = Debug|Any CPU
		{BFFCB21F-E653-4AEE-B09C-BFAF9FAC395E}.Debug|Any CPU.Build.0 = Debug|Any CPU
		{BFFCB21F-E653-4AEE-B09C-BFAF9FAC395E}.Release|Any CPU.ActiveCfg = Release|Any CPU
		{BFFCB21F-E653-4AEE-B09C-BFAF9FAC395E}.Release|Any CPU.Build.0 = Release|Any CPU
	EndGlobalSection
	GlobalSection(SolutionProperties) = preSolution
		HideSolutionNode = FALSE
	EndGlobalSection
	GlobalSection(ExtensibilityGlobals) = postSolution
		SolutionGuid = {175F7A50-CD47-4875-9C7B-B08EB29C1013}
	EndGlobalSection
EndGlobal
